
Microsoft Visual Studio Solution File, Format Version 12.00
# Visual Studio Version 17
VisualStudioVersion = 17.3.32922.545
MinimumVisualStudioVersion = 10.0.40219.1
Project("{FAE04EC0-301F-11D3-BF4B-00C04F79EFBC}") = "arraylist", "arraylist\arraylist.csproj", "{BF816861-4F14-44A5-9A07-5F3E279FB0BD}"
EndProject
Global
	GlobalSection(SolutionConfigurationPlatforms) = preSolution
		Debug|Any CPU = Debug|Any CPU
		Release|Any CPU = Release|Any CPU
	EndGlobalSection
	GlobalSection(ProjectConfigurationPlatforms) = postSolution
		{BF816861-4F14-44A5-9A07-5F3E279FB0BD}.Debug|Any CPU.ActiveCfg = Debug|Any CPU
		{BF816861-4F14-44A5-9A07-5F3E279FB0BD}.Debug|Any CPU.Build.0 = Debug|Any CPU
		{BF816861-4F14-44A5-9A07-5F3E279FB0BD}.Release|Any CPU.ActiveCfg = Release|Any CPU
		{BF816861-4F14-44A5-9A07-5F3E279FB0BD}.Release|Any CPU.Build.0 = Release|Any CPU
	EndGlobalSection
	GlobalSection(SolutionProperties) = preSolution
		HideSolutionNode = FALSE
	EndGlobalSection
	GlobalSection(ExtensibilityGlobals) = postSolution
		SolutionGuid = {03E3CDC4-C1BB-4C76-85CC-63A4F236AC56}
	EndGlobalSection
EndGlobal
